// !$*UTF8*$!
{
	archiveVersion = 1;
	classes = {
	};
	objectVersion = 77;
	objects = {

/* Begin PBXBuildFile section */
		A497E03D303448EF0039483F /* WidgetKit.framework in Frameworks */ = {isa = PBXBuildFile; fileRef = A497E03C303448EF0039483F /* WidgetKit.framework */; };
		A497E03F303448EF0039483F /* SwiftUI.framework in Frameworks */ = {isa = PBXBuildFile; fileRef = A497E03E303448EF0039483F /* SwiftUI.framework */; };
		A497E050303448F00039483F /* ClarkViewWidgetExtension.appex in Embed Foundation Extensions */ = {isa = PBXBuildFile; fileRef = A497E03A303448EF0039483F /* ClarkViewWidgetExtension.appex */; settings = {ATTRIBUTES = (RemoveHeadersOnCopy, ); }; };
/* End PBXBuildFile section */

/* Begin PBXContainerItemProxy section */
		A497E01A303443050039483F /* PBXContainerItemProxy */ = {
			isa = PBXContainerItemProxy;
			containerPortal = A497E004303443030039483F /* Project object */;
			proxyType = 1;
			remoteGlobalIDString = A497E00B303443030039483F;
			remoteInfo = clark_view;
		};
		A497E024303443050039483F /* PBXContainerItemProxy */ = {
			isa = PBXContainerItemProxy;
			containerPortal = A497E004303443030039483F /* Project object */;
			proxyType = 1;
			remoteGlobalIDString = A497E00B303443030039483F;
			remoteInfo = clark_view;
		};
		A497E04E303448F00039483F /* PBXContainerItemProxy */ = {
			isa = PBXContainerItemProxy;
			containerPortal = A497E004303443030039483F /* Project object */;
			proxyType = 1;
			remoteGlobalIDString = A497E039303448EF0039483F;
			remoteInfo = ClarkViewWidgetExtension;
		};
/* End PBXContainerItemProxy section */

/* Begin PBXCopyFilesBuildPhase section */
		A497E055303448F00039483F /* Embed Foundation Extensions */ = {
			isa = PBXCopyFilesBuildPhase;
			buildActionMask = 2147483647;
			dstPath = "";
			dstSubfolderSpec = 13;
			files = (
				A497E050303448F00039483F /* ClarkViewWidgetExtension.appex in Embed Foundation Extensions */,
			);
			name = "Embed Foundation Extensions";
			runOnlyForDeploymentPostprocessing = 0;
		};
/* End PBXCopyFilesBuildPhase section */

/* Begin PBXFileReference section */
		A497E00C303443030039483F /* clark_view.app */ = {isa = PBXFileReference; explicitFileType = wrapper.application; includeInIndex = 0; path = clark_view.app; sourceTree = BUILT_PRODUCTS_DIR; };
		A497E019303443050039483F /* clark_viewTests.xctest */ = {isa = PBXFileReference; explicitFileType = wrapper.cfbundle; includeInIndex = 0; path = clark_viewTests.xctest; sourceTree = BUILT_PRODUCTS_DIR; };
		A497E023303443050039483F /* clark_viewUITests.xctest */ = {isa = PBXFileReference; explicitFileType = wrapper.cfbundle; includeInIndex = 0; path = clark_viewUITests.xctest; sourceTree = BUILT_PRODUCTS_DIR; };
		A497E03A303448EF0039483F /* ClarkViewWidgetExtension.appex */ = {isa = PBXFileReference; explicitFileType = "wrapper.app-extension"; includeInIndex = 0; path = ClarkViewWidgetExtension.appex; sourceTree = BUILT_PRODUCTS_DIR; };
		A497E03C303448EF0039483F /* WidgetKit.framework */ = {isa = PBXFileReference; lastKnownFileType = wrapper.framework; name = WidgetKit.framework; path = System/Library/Frameworks/WidgetKit.framework; sourceTree = SDKROOT; };
		A497E03E303448EF0039483F /* SwiftUI.framework */ = {isa = PBXFileReference; lastKnownFileType = wrapper.framework; name = SwiftUI.framework; path = System/Library/Frameworks/SwiftUI.framework; sourceTree = SDKROOT; };
/* End PBXFileReference section */

/* Begin PBXFileSystemSynchronizedBuildFileExceptionSet section */
		58AC1EA169A907F2703BE20D /* Exceptions for "clark_view" folder in "clark_view" target */ = {
			isa = PBXFileSystemSynchronizedBuildFileExceptionSet;
			membershipExceptions = (
				Info.plist,
			);
			target = A497E00B303443030039483F /* clark_view */;
		};
		A497E051303448F00039483F /* Exceptions for "ClarkViewWidget" folder in "ClarkViewWidgetExtension" target */ = {
			isa = PBXFileSystemSynchronizedBuildFileExceptionSet;
			membershipExceptions = (
				Info.plist,
			);
			target = A497E039303448EF0039483F /* ClarkViewWidgetExtension */;
		};
/* End PBXFileSystemSynchronizedBuildFileExceptionSet section */

/* Begin PBXFileSystemSynchronizedRootGroup section */
		A497E00E303443030039483F /* clark_view */ = {
			isa = PBXFileSystemSynchronizedRootGroup;
			exceptions = (
				58AC1EA169A907F2703BE20D /* Exceptions for "clark_view" folder in "clark_view" target */,
			);
			path = clark_view;
			sourceTree = "<group>";
		};
		A497E01C303443050039483F /* clark_viewTests */ = {
			isa = PBXFileSystemSynchronizedRootGroup;
			path = clark_viewTests;
			sourceTree = "<group>";
		};
		A497E026303443050039483F /* clark_viewUITests */ = {
			isa = PBXFileSystemSynchronizedRootGroup;
			path = clark_viewUITests;
			sourceTree = "<group>";
		};
		A497E040303448EF0039483F /* ClarkViewWidget */ = {
			isa = PBXFileSystemSynchronizedRootGroup;
			exceptions = (
				A497E051303448F00039483F /* Exceptions for "ClarkViewWidget" folder in "ClarkViewWidgetExtension" target */,
			);
			path = ClarkViewWidget;
			sourceTree = "<group>";
		};
		A497E060303448F00039483F /* Shared */ = {
			isa = PBXFileSystemSynchronizedRootGroup;
			path = Shared;
			sourceTree = "<group>";
		};
/* End PBXFileSystemSynchronizedRootGroup section */

/* Begin PBXFrameworksBuildPhase section */
		A497E009303443030039483F /* Frameworks */ = {
			isa = PBXFrameworksBuildPhase;
			buildActionMask = 2147483647;
			files = (
			);
			runOnlyForDeploymentPostprocessing = 0;
		};
		A497E016303443050039483F /* Frameworks */ = {
			isa = PBXFrameworksBuildPhase;
			buildActionMask = 2147483647;
			files = (
			);
			runOnlyForDeploymentPostprocessing = 0;
		};
		A497E020303443050039483F /* Frameworks */ = {
			isa = PBXFrameworksBuildPhase;
			buildActionMask = 2147483647;
			files = (
			);
			runOnlyForDeploymentPostprocessing = 0;
		};
		A497E037303448EF0039483F /* Frameworks */ = {
			isa = PBXFrameworksBuildPhase;
			buildActionMask = 2147483647;
			files = (
				A497E03F303448EF0039483F /* SwiftUI.framework in Frameworks */,
				A497E03D303448EF0039483F /* WidgetKit.framework in Frameworks */,
			);
			runOnlyForDeploymentPostprocessing = 0;
		};
/* End PBXFrameworksBuildPhase section */

/* Begin PBXGroup section */
		A497E003303443030039483F = {
			isa = PBXGroup;
			children = (
				A497E00E303443030039483F /* clark_view */,
				A497E01C303443050039483F /* clark_viewTests */,
				A497E026303443050039483F /* clark_viewUITests */,
				A497E040303448EF0039483F /* ClarkViewWidget */,
				A497E060303448F00039483F /* Shared */,
				A497E03B303448EF0039483F /* Frameworks */,
				A497E00D303443030039483F /* Products */,
			);
			sourceTree = "<group>";
		};
		A497E00D303443030039483F /* Products */ = {
			isa = PBXGroup;
			children = (
				A497E00C303443030039483F /* clark_view.app */,
				A497E019303443050039483F /* clark_viewTests.xctest */,
				A497E023303443050039483F /* clark_viewUITests.xctest */,
				A497E03A303448EF0039483F /* ClarkViewWidgetExtension.appex */,
			);
			name = Products;
			sourceTree = "<group>";
		};
		A497E03B303448EF0039483F /* Frameworks */ = {
			isa = PBXGroup;
			children = (
				A497E03C303448EF0039483F /* WidgetKit.framework */,
				A497E03E303448EF0039483F /* SwiftUI.framework */,
			);
			name = Frameworks;
			sourceTree = "<group>";
		};
/* End PBXGroup section */

/* Begin PBXNativeTarget section */
		A497E00B303443030039483F /* clark_view */ = {
			isa = PBXNativeTarget;
			buildConfigurationList = A497E02D303443050039483F /* Build configuration list for PBXNativeTarget "clark_view" */;
			buildPhases = (
				A497E008303443030039483F /* Sources */,
				A497E009303443030039483F /* Frameworks */,
				A497E00A303443030039483F /* Resources */,
				A497E055303448F00039483F /* Embed Foundation Extensions */,
			);
			buildRules = (
			);
			dependencies = (
				A497E04F303448F00039483F /* PBXTargetDependency */,
			);
			fileSystemSynchronizedGroups = (
				A497E00E303443030039483F /* clark_view */,
				A497E060303448F00039483F /* Shared */,
			);
			name = clark_view;
			packageProductDependencies = (
			);
			productName = clark_view;
			productReference = A497E00C303443030039483F /* clark_view.app */;
			productType = "com.apple.product-type.application";
		};
		A497E018303443050039483F /* clark_viewTests */ = {
			isa = PBXNativeTarget;
			buildConfigurationList = A497E030303443050039483F /* Build configuration list for PBXNativeTarget "clark_viewTests" */;
			buildPhases = (
				A497E015303443050039483F /* Sources */,
				A497E016303443050039483F /* Frameworks */,
				A497E017303443050039483F /* Resources */,
			);
			buildRules = (
			);
			dependencies = (
				A497E01B303443050039483F /* PBXTargetDependency */,
			);
			fileSystemSynchronizedGroups = (
				A497E01C303443050039483F /* clark_viewTests */,
			);
			name = clark_viewTests;
			packageProductDependencies = (
			);
			productName = clark_viewTests;
			productReference = A497E019303443050039483F /* clark_viewTests.xctest */;
			productType = "com.apple.product-type.bundle.unit-test";
		};
		A497E022303443050039483F /* clark_viewUITests */ = {
			isa = PBXNativeTarget;
			buildConfigurationList = A497E033303443050039483F /* Build configuration list for PBXNativeTarget "clark_viewUITests" */;
			buildPhases = (
				A497E01F303443050039483F /* Sources */,
				A497E020303443050039483F /* Frameworks */,
				A497E021303443050039483F /* Resources */,
			);
			buildRules = (
			);
			dependencies = (
				A497E025303443050039483F /* PBXTargetDependency */,
			);
			fileSystemSynchronizedGroups = (
				A497E026303443050039483F /* clark_viewUITests */,
			);
			name = clark_viewUITests;
			packageProductDependencies = (
			);
			productName = clark_viewUITests;
			productReference = A497E023303443050039483F /* clark_viewUITests.xctest */;
			productType = "com.apple.product-type.bundle.ui-testing";
		};
		A497E039303448EF0039483F /* ClarkViewWidgetExtension */ = {
			isa = PBXNativeTarget;
			buildConfigurationList = A497E052303448F00039483F /* Build configuration list for PBXNativeTarget "ClarkViewWidgetExtension" */;
			buildPhases = (
				A497E036303448EF0039483F /* Sources */,
				A497E037303448EF0039483F /* Frameworks */,
				A497E038303448EF0039483F /* Resources */,
			);
			buildRules = (
			);
			dependencies = (
			);
			fileSystemSynchronizedGroups = (
				A497E040303448EF0039483F /* ClarkViewWidget */,
				A497E060303448F00039483F /* Shared */,
			);
			name = ClarkViewWidgetExtension;
			packageProductDependencies = (
			);
			productName = ClarkViewWidgetExtension;
			productReference = A497E03A303448EF0039483F /* ClarkViewWidgetExtension.appex */;
			productType = "com.apple.product-type.app-extension";
		};
/* End PBXNativeTarget section */

/* Begin PBXProject section */
		A497E004303443030039483F /* Project object */ = {
			isa = PBXProject;
			attributes = {
				BuildIndependentTargetsInParallel = 1;
				LastSwiftUpdateCheck = 2660;
				LastUpgradeCheck = 2660;
				TargetAttributes = {
					A497E00B303443030039483F = {
						CreatedOnToolsVersion = 26.6;
					};
					A497E018303443050039483F = {
						CreatedOnToolsVersion = 26.6;
						TestTargetID = A497E00B303443030039483F;
					};
					A497E022303443050039483F = {
						CreatedOnToolsVersion = 26.6;
						TestTargetID = A497E00B303443030039483F;
					};
					A497E039303448EF0039483F = {
						CreatedOnToolsVersion = 26.6;
					};
				};
			};
			buildConfigurationList = A497E007303443030039483F /* Build configuration list for PBXProject "clark_view" */;
			developmentRegion = en;
			hasScannedForEncodings = 0;
			knownRegions = (
				en,
				Base,
			);
			mainGroup = A497E003303443030039483F;
			minimizedProjectReferenceProxies = 1;
			preferredProjectObjectVersion = 77;
			productRefGroup = A497E00D303443030039483F /* Products */;
			projectDirPath = "";
			projectRoot = "";
			targets = (
				A497E00B303443030039483F /* clark_view */,
				A497E018303443050039483F /* clark_viewTests */,
				A497E022303443050039483F /* clark_viewUITests */,
				A497E039303448EF0039483F /* ClarkViewWidgetExtension */,
			);
		};
/* End PBXProject section */

/* Begin PBXResourcesBuildPhase section */
		A497E00A303443030039483F /* Resources */ = {
			isa = PBXResourcesBuildPhase;
			buildActionMask = 2147483647;
			files = (
			);
			runOnlyForDeploymentPostprocessing = 0;
		};
		A497E017303443050039483F /* Resources */ = {
			isa = PBXResourcesBuildPhase;
			buildActionMask = 2147483647;
			files = (
			);
			runOnlyForDeploymentPostprocessing = 0;
		};
		A497E021303443050039483F /* Resources */ = {
			isa = PBXResourcesBuildPhase;
			buildActionMask = 2147483647;
			files = (
			);
			runOnlyForDeploymentPostprocessing = 0;
		};
		A497E038303448EF0039483F /* Resources */ = {
			isa = PBXResourcesBuildPhase;
			buildActionMask = 2147483647;
			files = (
			);
			runOnlyForDeploymentPostprocessing = 0;
		};
/* End PBXResourcesBuildPhase section */

/* Begin PBXSourcesBuildPhase section */
		A497E008303443030039483F /* Sources */ = {
			isa = PBXSourcesBuildPhase;
			buildActionMask = 2147483647;
			files = (
			);
			runOnlyForDeploymentPostprocessing = 0;
		};
		A497E015303443050039483F /* Sources */ = {
			isa = PBXSourcesBuildPhase;
			buildActionMask = 2147483647;
			files = (
			);
			runOnlyForDeploymentPostprocessing = 0;
		};
		A497E01F303443050039483F /* Sources */ = {
			isa = PBXSourcesBuildPhase;
			buildActionMask = 2147483647;
			files = (
			);
			runOnlyForDeploymentPostprocessing = 0;
		};
		A497E036303448EF0039483F /* Sources */ = {
			isa = PBXSourcesBuildPhase;
			buildActionMask = 2147483647;
			files = (
			);
			runOnlyForDeploymentPostprocessing = 0;
		};
/* End PBXSourcesBuildPhase section */

/* Begin PBXTargetDependency section */
		A497E01B303443050039483F /* PBXTargetDependency */ = {
			isa = PBXTargetDependency;
			target = A497E00B303443030039483F /* clark_view */;
			targetProxy = A497E01A303443050039483F /* PBXContainerItemProxy */;
		};
		A497E025303443050039483F /* PBXTargetDependency */ = {
			isa = PBXTargetDependency;
			target = A497E00B303443030039483F /* clark_view */;
			targetProxy = A497E024303443050039483F /* PBXContainerItemProxy */;
		};
		A497E04F303448F00039483F /* PBXTargetDependency */ = {
			isa = PBXTargetDependency;
			target = A497E039303448EF0039483F /* ClarkViewWidgetExtension */;
			targetProxy = A497E04E303448F00039483F /* PBXContainerItemProxy */;
		};
/* End PBXTargetDependency section */

/* Begin XCBuildConfiguration section */
		A497E02B303443050039483F /* Debug */ = {
			isa = XCBuildConfiguration;
			buildSettings = {
				ALWAYS_SEARCH_USER_PATHS = NO;
				ASSETCATALOG_COMPILER_GENERATE_SWIFT_ASSET_SYMBOL_EXTENSIONS = YES;
				CLANG_ANALYZER_NONNULL = YES;
				CLANG_ANALYZER_NUMBER_OBJECT_CONVERSION = YES_AGGRESSIVE;
				CLANG_CXX_LANGUAGE_STANDARD = "gnu++20";
				CLANG_ENABLE_MODULES = YES;
				CLANG_ENABLE_OBJC_ARC = YES;
				CLANG_ENABLE_OBJC_WEAK = YES;
				CLANG_WARN_BLOCK_CAPTURE_AUTORELEASING = YES;
				CLANG_WARN_BOOL_CONVERSION = YES;
				CLANG_WARN_COMMA = YES;
				CLANG_WARN_CONSTANT_CONVERSION = YES;
				CLANG_WARN_DEPRECATED_OBJC_IMPLEMENTATIONS = YES;
				CLANG_WARN_DIRECT_OBJC_ISA_USAGE = YES_ERROR;
				CLANG_WARN_DOCUMENTATION_COMMENTS = YES;
				CLANG_WARN_EMPTY_BODY = YES;
				CLANG_WARN_ENUM_CONVERSION = YES;
				CLANG_WARN_INFINITE_RECURSION = YES;
				CLANG_WARN_INT_CONVERSION = YES;
				CLANG_WARN_NON_LITERAL_NULL_CONVERSION = YES;
				CLANG_WARN_OBJC_IMPLICIT_RETAIN_SELF = YES;
				CLANG_WARN_OBJC_LITERAL_CONVERSION = YES;
				CLANG_WARN_OBJC_ROOT_CLASS = YES_ERROR;
				CLANG_WARN_QUOTED_INCLUDE_IN_FRAMEWORK_HEADER = YES;
				CLANG_WARN_RANGE_LOOP_ANALYSIS = YES;
				CLANG_WARN_STRICT_PROTOTYPES = YES;
				CLANG_WARN_SUSPICIOUS_MOVE = YES;
				CLANG_WARN_UNGUARDED_AVAILABILITY = YES_AGGRESSIVE;
				CLANG_WARN_UNREACHABLE_CODE = YES;
				CLANG_WARN__DUPLICATE_METHOD_MATCH = YES;
				COPY_PHASE_STRIP = NO;
				DEBUG_INFORMATION_FORMAT = dwarf;
				DEVELOPMENT_TEAM = 8ADZL76VCT;
				ENABLE_STRICT_OBJC_MSGSEND = YES;
				ENABLE_TESTABILITY = YES;
				ENABLE_USER_SCRIPT_SANDBOXING = YES;
				GCC_C_LANGUAGE_STANDARD = gnu17;
				GCC_DYNAMIC_NO_PIC = NO;
				GCC_NO_COMMON_BLOCKS = YES;
				GCC_OPTIMIZATION_LEVEL = 0;
				GCC_PREPROCESSOR_DEFINITIONS = (
					"DEBUG=1",
					"$(inherited)",
				);
				GCC_WARN_64_TO_32_BIT_CONVERSION = YES;
				GCC_WARN_ABOUT_RETURN_TYPE = YES_ERROR;
				GCC_WARN_UNDECLARED_SELECTOR = YES;
				GCC_WARN_UNINITIALIZED_AUTOS = YES_AGGRESSIVE;
				GCC_WARN_UNUSED_FUNCTION = YES;
				GCC_WARN_UNUSED_VARIABLE = YES;
				IPHONEOS_DEPLOYMENT_TARGET = 26.5;
				LOCALIZATION_PREFERS_STRING_CATALOGS = YES;
				MTL_ENABLE_DEBUG_INFO = INCLUDE_SOURCE;
				MTL_FAST_MATH = YES;
				ONLY_ACTIVE_ARCH = YES;
				SDKROOT = iphoneos;
				SWIFT_ACTIVE_COMPILATION_CONDITIONS = "DEBUG $(inherited)";
				SWIFT_OPTIMIZATION_LEVEL = "-Onone";
			};
			name = Debug;
		};
		A497E02C303443050039483F /* Release */ = {
			isa = XCBuildConfiguration;
			buildSettings = {
				ALWAYS_SEARCH_USER_PATHS = NO;
				ASSETCATALOG_COMPILER_GENERATE_SWIFT_ASSET_SYMBOL_EXTENSIONS = YES;
				CLANG_ANALYZER_NONNULL = YES;
				CLANG_ANALYZER_NUMBER_OBJECT_CONVERSION = YES_AGGRESSIVE;
				CLANG_CXX_LANGUAGE_STANDARD = "gnu++20";
				CLANG_ENABLE_MODULES = YES;
				CLANG_ENABLE_OBJC_ARC = YES;
				CLANG_ENABLE_OBJC_WEAK = YES;
				CLANG_WARN_BLOCK_CAPTURE_AUTORELEASING = YES;
				CLANG_WARN_BOOL_CONVERSION = YES;
				CLANG_WARN_COMMA = YES;
				CLANG_WARN_CONSTANT_CONVERSION = YES;
				CLANG_WARN_DEPRECATED_OBJC_IMPLEMENTATIONS = YES;
				CLANG_WARN_DIRECT_OBJC_ISA_USAGE = YES_ERROR;
				CLANG_WARN_DOCUMENTATION_COMMENTS = YES;
				CLANG_WARN_EMPTY_BODY = YES;
				CLANG_WARN_ENUM_CONVERSION = YES;
				CLANG_WARN_INFINITE_RECURSION = YES;
				CLANG_WARN_INT_CONVERSION = YES;
				CLANG_WARN_NON_LITERAL_NULL_CONVERSION = YES;
				CLANG_WARN_OBJC_IMPLICIT_RETAIN_SELF = YES;
				CLANG_WARN_OBJC_LITERAL_CONVERSION = YES;
				CLANG_WARN_OBJC_ROOT_CLASS = YES_ERROR;
				CLANG_WARN_QUOTED_INCLUDE_IN_FRAMEWORK_HEADER = YES;
				CLANG_WARN_RANGE_LOOP_ANALYSIS = YES;
				CLANG_WARN_STRICT_PROTOTYPES = YES;
				CLANG_WARN_SUSPICIOUS_MOVE = YES;
				CLANG_WARN_UNGUARDED_AVAILABILITY = YES_AGGRESSIVE;
				CLANG_WARN_UNREACHABLE_CODE = YES;
				CLANG_WARN__DUPLICATE_METHOD_MATCH = YES;
				COPY_PHASE_STRIP = NO;
				DEBUG_INFORMATION_FORMAT = "dwarf-with-dsym";
				DEVELOPMENT_TEAM = 8ADZL76VCT;
				ENABLE_NS_ASSERTIONS = NO;
				ENABLE_STRICT_OBJC_MSGSEND = YES;
				ENABLE_USER_SCRIPT_SANDBOXING = YES;
				GCC_C_LANGUAGE_STANDARD = gnu17;
				GCC_NO_COMMON_BLOCKS = YES;
				GCC_WARN_64_TO_32_BIT_CONVERSION = YES;
				GCC_WARN_ABOUT_RETURN_TYPE = YES_ERROR;
				GCC_WARN_UNDECLARED_SELECTOR = YES;
				GCC_WARN_UNINITIALIZED_AUTOS = YES_AGGRESSIVE;
				GCC_WARN_UNUSED_FUNCTION = YES;
				GCC_WARN_UNUSED_VARIABLE = YES;
				IPHONEOS_DEPLOYMENT_TARGET = 26.5;
				LOCALIZATION_PREFERS_STRING_CATALOGS = YES;
				MTL_ENABLE_DEBUG_INFO = NO;
				MTL_FAST_MATH = YES;
				SDKROOT = iphoneos;
				SWIFT_COMPILATION_MODE = wholemodule;
				VALIDATE_PRODUCT = YES;
			};
			name = Release;
		};
		A497E02E303443050039483F /* Debug */ = {
			isa = XCBuildConfiguration;
			buildSettings = {
				ASSETCATALOG_COMPILER_APPICON_NAME = AppIcon;
				ASSETCATALOG_COMPILER_GLOBAL_ACCENT_COLOR_NAME = AccentColor;
				CODE_SIGN_ENTITLEMENTS = clark_view/clark_view.entitlements;
				CODE_SIGN_STYLE = Automatic;
				CURRENT_PROJECT_VERSION = 4;
				DEVELOPMENT_TEAM = 8ADZL76VCT;
				ENABLE_PREVIEWS = YES;
				GENERATE_INFOPLIST_FILE = YES;
				INFOPLIST_FILE = clark_view/Info.plist;
				INFOPLIST_KEY_CFBundleDisplayName = "Clark view";
				INFOPLIST_KEY_ITSAppUsesNonExemptEncryption = NO;
				INFOPLIST_KEY_UIApplicationSceneManifest_Generation = YES;
				INFOPLIST_KEY_UIApplicationSupportsIndirectInputEvents = YES;
				INFOPLIST_KEY_UILaunchScreen_Generation = YES;
				INFOPLIST_KEY_UISupportedInterfaceOrientations_iPad = "UIInterfaceOrientationPortrait UIInterfaceOrientationPortraitUpsideDown UIInterfaceOrientationLandscapeLeft UIInterfaceOrientationLandscapeRight";
				INFOPLIST_KEY_UISupportedInterfaceOrientations_iPhone = "UIInterfaceOrientationPortrait UIInterfaceOrientationLandscapeLeft UIInterfaceOrientationLandscapeRight";
				LD_RUNPATH_SEARCH_PATHS = (
					"$(inherited)",
					"@executable_path/Frameworks",
				);
				MARKETING_VERSION = 1.0;
				PRODUCT_BUNDLE_IDENTIFIER = "plusjade.clark-view";
				PRODUCT_NAME = "$(TARGET_NAME)";
				STRING_CATALOG_GENERATE_SYMBOLS = YES;
				SWIFT_APPROACHABLE_CONCURRENCY = YES;
				SWIFT_DEFAULT_ACTOR_ISOLATION = MainActor;
				SWIFT_EMIT_LOC_STRINGS = YES;
				SWIFT_UPCOMING_FEATURE_MEMBER_IMPORT_VISIBILITY = YES;
				SWIFT_VERSION = 5.0;
				TARGETED_DEVICE_FAMILY = "1,2";
			};
			name = Debug;
		};
		A497E02F303443050039483F /* Release */ = {
			isa = XCBuildConfiguration;
			buildSettings = {
				ASSETCATALOG_COMPILER_APPICON_NAME = AppIcon;
				ASSETCATALOG_COMPILER_GLOBAL_ACCENT_COLOR_NAME = AccentColor;
				CODE_SIGN_ENTITLEMENTS = clark_view/clark_view.entitlements;
				CODE_SIGN_STYLE = Automatic;
				CURRENT_PROJECT_VERSION = 4;
				DEVELOPMENT_TEAM = 8ADZL76VCT;
				ENABLE_PREVIEWS = YES;
				GENERATE_INFOPLIST_FILE = YES;
				INFOPLIST_FILE = clark_view/Info.plist;
				INFOPLIST_KEY_CFBundleDisplayName = "Clark view";
				INFOPLIST_KEY_ITSAppUsesNonExemptEncryption = NO;
				INFOPLIST_KEY_UIApplicationSceneManifest_Generation = YES;
				INFOPLIST_KEY_UIApplicationSupportsIndirectInputEvents = YES;
				INFOPLIST_KEY_UILaunchScreen_Generation = YES;
				INFOPLIST_KEY_UISupportedInterfaceOrientations_iPad = "UIInterfaceOrientationPortrait UIInterfaceOrientationPortraitUpsideDown UIInterfaceOrientationLandscapeLeft UIInterfaceOrientationLandscapeRight";
				INFOPLIST_KEY_UISupportedInterfaceOrientations_iPhone = "UIInterfaceOrientationPortrait UIInterfaceOrientationLandscapeLeft UIInterfaceOrientationLandscapeRight";
				LD_RUNPATH_SEARCH_PATHS = (
					"$(inherited)",
					"@executable_path/Frameworks",
				);
				MARKETING_VERSION = 1.0;
				PRODUCT_BUNDLE_IDENTIFIER = "plusjade.clark-view";
				PRODUCT_NAME = "$(TARGET_NAME)";
				STRING_CATALOG_GENERATE_SYMBOLS = YES;
				SWIFT_APPROACHABLE_CONCURRENCY = YES;
				SWIFT_DEFAULT_ACTOR_ISOLATION = MainActor;
				SWIFT_EMIT_LOC_STRINGS = YES;
				SWIFT_UPCOMING_FEATURE_MEMBER_IMPORT_VISIBILITY = YES;
				SWIFT_VERSION = 5.0;
				TARGETED_DEVICE_FAMILY = "1,2";
			};
			name = Release;
		};
		A497E031303443050039483F /* Debug */ = {
			isa = XCBuildConfiguration;
			buildSettings = {
				BUNDLE_LOADER = "$(TEST_HOST)";
				CODE_SIGN_STYLE = Automatic;
				CURRENT_PROJECT_VERSION = 2;
				DEVELOPMENT_TEAM = 8ADZL76VCT;
				GENERATE_INFOPLIST_FILE = YES;
				IPHONEOS_DEPLOYMENT_TARGET = 26.5;
				MARKETING_VERSION = 1.0;
				PRODUCT_BUNDLE_IDENTIFIER = "plusjade.clark-viewTests";
				PRODUCT_NAME = "$(TARGET_NAME)";
				STRING_CATALOG_GENERATE_SYMBOLS = NO;
				SWIFT_APPROACHABLE_CONCURRENCY = YES;
				SWIFT_EMIT_LOC_STRINGS = NO;
				SWIFT_UPCOMING_FEATURE_MEMBER_IMPORT_VISIBILITY = YES;
				SWIFT_VERSION = 5.0;
				TARGETED_DEVICE_FAMILY = "1,2";
				TEST_HOST = "$(BUILT_PRODUCTS_DIR)/clark_view.app/$(BUNDLE_EXECUTABLE_FOLDER_PATH)/clark_view";
			};
			name = Debug;
		};
		A497E032303443050039483F /* Release */ = {
			isa = XCBuildConfiguration;
			buildSettings = {
				BUNDLE_LOADER = "$(TEST_HOST)";
				CODE_SIGN_STYLE = Automatic;
				CURRENT_PROJECT_VERSION = 2;
				DEVELOPMENT_TEAM = 8ADZL76VCT;
				GENERATE_INFOPLIST_FILE = YES;
				IPHONEOS_DEPLOYMENT_TARGET = 26.5;
				MARKETING_VERSION = 1.0;
				PRODUCT_BUNDLE_IDENTIFIER = "plusjade.clark-viewTests";
				PRODUCT_NAME = "$(TARGET_NAME)";
				STRING_CATALOG_GENERATE_SYMBOLS = NO;
				SWIFT_APPROACHABLE_CONCURRENCY = YES;
				SWIFT_EMIT_LOC_STRINGS = NO;
				SWIFT_UPCOMING_FEATURE_MEMBER_IMPORT_VISIBILITY = YES;
				SWIFT_VERSION = 5.0;
				TARGETED_DEVICE_FAMILY = "1,2";
				TEST_HOST = "$(BUILT_PRODUCTS_DIR)/clark_view.app/$(BUNDLE_EXECUTABLE_FOLDER_PATH)/clark_view";
			};
			name = Release;
		};
		A497E034303443050039483F /* Debug */ = {
			isa = XCBuildConfiguration;
			buildSettings = {
				CODE_SIGN_STYLE = Automatic;
				CURRENT_PROJECT_VERSION = 2;
				DEVELOPMENT_TEAM = 8ADZL76VCT;
				GENERATE_INFOPLIST_FILE = YES;
				MARKETING_VERSION = 1.0;
				PRODUCT_BUNDLE_IDENTIFIER = "plusjade.clark-viewUITests";
				PRODUCT_NAME = "$(TARGET_NAME)";
				STRING_CATALOG_GENERATE_SYMBOLS = NO;
				SWIFT_APPROACHABLE_CONCURRENCY = YES;
				SWIFT_EMIT_LOC_STRINGS = NO;
				SWIFT_UPCOMING_FEATURE_MEMBER_IMPORT_VISIBILITY = YES;
				SWIFT_VERSION = 5.0;
				TARGETED_DEVICE_FAMILY = "1,2";
				TEST_TARGET_NAME = clark_view;
			};
			name = Debug;
		};
		A497E035303443050039483F /* Release */ = {
			isa = XCBuildConfiguration;
			buildSettings = {
				CODE_SIGN_STYLE = Automatic;
				CURRENT_PROJECT_VERSION = 2;
				DEVELOPMENT_TEAM = 8ADZL76VCT;
				GENERATE_INFOPLIST_FILE = YES;
				MARKETING_VERSION = 1.0;
				PRODUCT_BUNDLE_IDENTIFIER = "plusjade.clark-viewUITests";
				PRODUCT_NAME = "$(TARGET_NAME)";
				STRING_CATALOG_GENERATE_SYMBOLS = NO;
				SWIFT_APPROACHABLE_CONCURRENCY = YES;
				SWIFT_EMIT_LOC_STRINGS = NO;
				SWIFT_UPCOMING_FEATURE_MEMBER_IMPORT_VISIBILITY = YES;
				SWIFT_VERSION = 5.0;
				TARGETED_DEVICE_FAMILY = "1,2";
				TEST_TARGET_NAME = clark_view;
			};
			name = Release;
		};
		A497E053303448F00039483F /* Debug */ = {
			isa = XCBuildConfiguration;
			buildSettings = {
				ASSETCATALOG_COMPILER_GLOBAL_ACCENT_COLOR_NAME = AccentColor;
				ASSETCATALOG_COMPILER_WIDGET_BACKGROUND_COLOR_NAME = WidgetBackground;
				CODE_SIGN_ENTITLEMENTS = ClarkViewWidget/ClarkViewWidgetExtension.entitlements;
				CODE_SIGN_STYLE = Automatic;
				CURRENT_PROJECT_VERSION = 4;
				DEVELOPMENT_TEAM = 8ADZL76VCT;
				GENERATE_INFOPLIST_FILE = YES;
				INFOPLIST_FILE = ClarkViewWidget/Info.plist;
				INFOPLIST_KEY_CFBundleDisplayName = ClarkViewWidget;
				INFOPLIST_KEY_NSHumanReadableCopyright = "";
				LD_RUNPATH_SEARCH_PATHS = (
					"$(inherited)",
					"@executable_path/Frameworks",
					"@executable_path/../../Frameworks",
				);
				MARKETING_VERSION = 1.0;
				PRODUCT_BUNDLE_IDENTIFIER = "plusjade.clark-view.ClarkViewWidget";
				PRODUCT_NAME = "$(TARGET_NAME)";
				SKIP_INSTALL = YES;
				STRING_CATALOG_GENERATE_SYMBOLS = YES;
				SWIFT_APPROACHABLE_CONCURRENCY = YES;
				SWIFT_EMIT_LOC_STRINGS = YES;
				SWIFT_UPCOMING_FEATURE_MEMBER_IMPORT_VISIBILITY = YES;
				SWIFT_VERSION = 5.0;
				TARGETED_DEVICE_FAMILY = "1,2";
			};
			name = Debug;
		};
		A497E054303448F00039483F /* Release */ = {
			isa = XCBuildConfiguration;
			buildSettings = {
				ASSETCATALOG_COMPILER_GLOBAL_ACCENT_COLOR_NAME = AccentColor;
				ASSETCATALOG_COMPILER_WIDGET_BACKGROUND_COLOR_NAME = WidgetBackground;
				CODE_SIGN_ENTITLEMENTS = ClarkViewWidget/ClarkViewWidgetExtension.entitlements;
				CODE_SIGN_STYLE = Automatic;
				CURRENT_PROJECT_VERSION = 4;
				DEVELOPMENT_TEAM = 8ADZL76VCT;
				GENERATE_INFOPLIST_FILE = YES;
				INFOPLIST_FILE = ClarkViewWidget/Info.plist;
				INFOPLIST_KEY_CFBundleDisplayName = ClarkViewWidget;
				INFOPLIST_KEY_NSHumanReadableCopyright = "";
				LD_RUNPATH_SEARCH_PATHS = (
					"$(inherited)",
					"@executable_path/Frameworks",
					"@executable_path/../../Frameworks",
				);
				MARKETING_VERSION = 1.0;
				PRODUCT_BUNDLE_IDENTIFIER = "plusjade.clark-view.ClarkViewWidget";
				PRODUCT_NAME = "$(TARGET_NAME)";
				SKIP_INSTALL = YES;
				STRING_CATALOG_GENERATE_SYMBOLS = YES;
				SWIFT_APPROACHABLE_CONCURRENCY = YES;
				SWIFT_EMIT_LOC_STRINGS = YES;
				SWIFT_UPCOMING_FEATURE_MEMBER_IMPORT_VISIBILITY = YES;
				SWIFT_VERSION = 5.0;
				TARGETED_DEVICE_FAMILY = "1,2";
			};
			name = Release;
		};
/* End XCBuildConfiguration section */

/* Begin XCConfigurationList section */
		A497E007303443030039483F /* Build configuration list for PBXProject "clark_view" */ = {
			isa = XCConfigurationList;
			buildConfigurations = (
				A497E02B303443050039483F /* Debug */,
				A497E02C303443050039483F /* Release */,
			);
			defaultConfigurationIsVisible = 0;
			defaultConfigurationName = Release;
		};
		A497E02D303443050039483F /* Build configuration list for PBXNativeTarget "clark_view" */ = {
			isa = XCConfigurationList;
			buildConfigurations = (
				A497E02E303443050039483F /* Debug */,
				A497E02F303443050039483F /* Release */,
			);
			defaultConfigurationIsVisible = 0;
			defaultConfigurationName = Release;
		};
		A497E030303443050039483F /* Build configuration list for PBXNativeTarget "clark_viewTests" */ = {
			isa = XCConfigurationList;
			buildConfigurations = (
				A497E031303443050039483F /* Debug */,
				A497E032303443050039483F /* Release */,
			);
			defaultConfigurationIsVisible = 0;
			defaultConfigurationName = Release;
		};
		A497E033303443050039483F /* Build configuration list for PBXNativeTarget "clark_viewUITests" */ = {
			isa = XCConfigurationList;
			buildConfigurations = (
				A497E034303443050039483F /* Debug */,
				A497E035303443050039483F /* Release */,
			);
			defaultConfigurationIsVisible = 0;
			defaultConfigurationName = Release;
		};
		A497E052303448F00039483F /* Build configuration list for PBXNativeTarget "ClarkViewWidgetExtension" */ = {
			isa = XCConfigurationList;
			buildConfigurations = (
				A497E053303448F00039483F /* Debug */,
				A497E054303448F00039483F /* Release */,
			);
			defaultConfigurationIsVisible = 0;
			defaultConfigurationName = Release;
		};
/* End XCConfigurationList section */
	};
	rootObject = A497E004303443030039483F /* Project object */;
}
